
Microsoft Visual Studio Solution File, Format Version 12.00
# Visual Studio Version 17
VisualStudioVersion = 17.0.31912.275
MinimumVisualStudioVersion = 10.0.40219.1
Project("{2150E333-8FDC-42A3-9474-1A3956D46DE8}") = "src", "src", "{C92DEB5E-D78B-494A-8605-DC9B47A867FE}"
EndProject
Project("{FAE04EC0-301F-11D3-BF4B-00C04F79EFBC}") = "EmailDemo.Application", "src\EmailDemo.Application\EmailDemo.Application.csproj", "{0B04A767-8804-4C8E-8861-D0CC988020CE}"
EndProject
Global
	GlobalSection(SolutionConfigurationPlatforms) = preSolution
		Debug|Any CPU = Debug|Any CPU
		Release|Any CPU = Release|Any CPU
	EndGlobalSection
	GlobalSection(ProjectConfigurationPlatforms) = postSolution
		{0B04A767-8804-4C8E-8861-D0CC988020CE}.Debug|Any CPU.ActiveCfg = Debug|Any CPU
		{0B04A767-8804-4C8E-8861-D0CC988020CE}.Debug|Any CPU.Build.0 = Debug|Any CPU
		{0B04A767-8804-4C8E-8861-D0CC988020CE}.Release|Any CPU.ActiveCfg = Release|Any CPU
		{0B04A767-8804-4C8E-8861-D0CC988020CE}.Release|Any CPU.Build.0 = Release|Any CPU
	EndGlobalSection
	GlobalSection(SolutionProperties) = preSolution
		HideSolutionNode = FALSE
	EndGlobalSection
	GlobalSection(NestedProjects) = preSolution
		{0B04A767-8804-4C8E-8861-D0CC988020CE} = {C92DEB5E-D78B-494A-8605-DC9B47A867FE}
	EndGlobalSection
	GlobalSection(ExtensibilityGlobals) = postSolution
		SolutionGuid = {401D85D4-AD19-4A92-953F-9FF6FE0418D2}
	EndGlobalSection
EndGlobal
